
Microsoft Visual Studio Solution File, Format Version 12.00
# Visual Studio Version 16
VisualStudioVersion = 16.0.30406.217
MinimumVisualStudioVersion = 10.0.40219.1
Project("{FAE04EC0-301F-11D3-BF4B-00C04F79EFBC}") = "AdmProyectos", "AdmProyectos\AdmProyectos.csproj", "{7A82DD19-2F6F-4C28-8449-5A4512962C8C}"
EndProject
Global
	GlobalSection(SolutionConfigurationPlatforms) = preSolution
		Debug|Any CPU = Debug|Any CPU
		Release|Any CPU = Release|Any CPU
	EndGlobalSection
	GlobalSection(ProjectConfigurationPlatforms) = postSolution
		{7A82DD19-2F6F-4C28-8449-5A4512962C8C}.Debug|Any CPU.ActiveCfg = Debug|Any CPU
		{7A82DD19-2F6F-4C28-8449-5A4512962C8C}.Debug|Any CPU.Build.0 = Debug|Any CPU
		{7A82DD19-2F6F-4C28-8449-5A4512962C8C}.Release|Any CPU.ActiveCfg = Release|Any CPU
		{7A82DD19-2F6F-4C28-8449-5A4512962C8C}.Release|Any CPU.Build.0 = Release|Any CPU
	EndGlobalSection
	GlobalSection(SolutionProperties) = preSolution
		HideSolutionNode = FALSE
	EndGlobalSection
	GlobalSection(ExtensibilityGlobals) = postSolution
		SolutionGuid = {0E1E697B-F5E5-481C-B744-4C14ED9A2043}
	EndGlobalSection
EndGlobal
